
Microsoft Visual Studio Solution File, Format Version 12.00
# Visual Studio Version 17
VisualStudioVersion = 17.13.35507.96 d17.13
MinimumVisualStudioVersion = 10.0.40219.1
Project("{FAE04EC0-301F-11D3-BF4B-00C04F79EFBC}") = "Company.A1.PL", "Company.A1.PL\Company.A1.PL.csproj", "{1FD66DF3-0644-4719-94E5-F9A5320DE241}"
EndProject
Project("{FAE04EC0-301F-11D3-BF4B-00C04F79EFBC}") = "Company.A1.DAL", "Company.A1.DAL\Company.A1.DAL.csproj", "{12D9C7A2-0488-410B-944B-FC6FC6AE2AC5}"
EndProject
Project("{FAE04EC0-301F-11D3-BF4B-00C04F79EFBC}") = "Company.A1.BLL", "Company.A1.BLL\Company.A1.BLL.csproj", "{F354B044-9D2F-41BE-8AF3-B25E25DF47D0}"
EndProject
Global
	GlobalSection(SolutionConfigurationPlatforms) = preSolution
		Debug|Any CPU = Debug|Any CPU
		Release|Any CPU = Release|Any CPU
	EndGlobalSection
	GlobalSection(ProjectConfigurationPlatforms) = postSolution
		{1FD66DF3-0644-4719-94E5-F9A5320DE241}.Debug|Any CPU.ActiveCfg = Debug|Any CPU
		{1FD66DF3-0644-4719-94E5-F9A5320DE241}.Debug|Any CPU.Build.0 = Debug|Any CPU
		{1FD66DF3-0644-4719-94E5-F9A5320DE241}.Release|Any CPU.ActiveCfg = Release|Any CPU
		{1FD66DF3-0644-4719-94E5-F9A5320DE241}.Release|Any CPU.Build.0 = Release|Any CPU
		{12D9C7A2-0488-410B-944B-FC6FC6AE2AC5}.Debug|Any CPU.ActiveCfg = Debug|Any CPU
		{12D9C7A2-0488-410B-944B-FC6FC6AE2AC5}.Debug|Any CPU.Build.0 = Debug|Any CPU
		{12D9C7A2-0488-410B-944B-FC6FC6AE2AC5}.Release|Any CPU.ActiveCfg = Release|Any CPU
		{12D9C7A2-0488-410B-944B-FC6FC6AE2AC5}.Release|Any CPU.Build.0 = Release|Any CPU
		{F354B044-9D2F-41BE-8AF3-B25E25DF47D0}.Debug|Any CPU.ActiveCfg = Debug|Any CPU
		{F354B044-9D2F-41BE-8AF3-B25E25DF47D0}.Debug|Any CPU.Build.0 = Debug|Any CPU
		{F354B044-9D2F-41BE-8AF3-B25E25DF47D0}.Release|Any CPU.ActiveCfg = Release|Any CPU
		{F354B044-9D2F-41BE-8AF3-B25E25DF47D0}.Release|Any CPU.Build.0 = Release|Any CPU
	EndGlobalSection
	GlobalSection(SolutionProperties) = preSolution
		HideSolutionNode = FALSE
	EndGlobalSection
	GlobalSection(ExtensibilityGlobals) = postSolution
		SolutionGuid = {EE0061E3-EE4E-496A-A697-9527CE631A47}
	EndGlobalSection
EndGlobal
